<?xml version="1.0" encoding="utf-8"?>
<Project ToolsVersion="4.0" xmlns="http://schemas.microsoft.com/developer/msbuild/2003">
  <ItemGroup>
    <Filter Include="Base">
      <UniqueIdentifier>{47974e81-ff42-4d0c-8227-fa99f8c69fd2}</UniqueIdentifier>
    </Filter>
    <Filter Include="Resource">
      <UniqueIdentifier>{29c1d6e3-875e-4d01-a01d-0974e170e5c1}</UniqueIdentifier>
    </Filter>
    <Filter Include="Scene">
      <UniqueIdentifier>{d7d56ad3-60f4-40ad-b499-8133f5f75990}</UniqueIdentifier>
    </Filter>
    <Filter Include="Classes">
      <UniqueIdentifier>{dd2958ce-2f7b-4a6f-a9a6-6e2ed58a8081}</UniqueIdentifier>
    </Filter>
    <Filter Include="Classes\My_Camera">
      <UniqueIdentifier>{1b5bc9ea-49d6-4f4a-becb-9d4fa583f343}</UniqueIdentifier>
    </Filter>
    <Filter Include="Classes\Player">
      <UniqueIdentifier>{6792b414-9c7c-4a2b-a84c-f5035ae7f1a7}</UniqueIdentifier>
    </Filter>
    <Filter Include="Classes\Ground">
      <UniqueIdentifier>{7f04d87a-4bde-4258-85c0-656ecfc1002c}</UniqueIdentifier>
    </Filter>
    <Filter Include="Classes\Enemy">
      <UniqueIdentifier>{188bc508-f632-462e-899a-133ba4033974}</UniqueIdentifier>
    </Filter>
    <Filter Include="Classes\Enemy\Boss">
      <UniqueIdentifier>{0fe97da1-75be-4205-8c1d-1fe58c544c59}</UniqueIdentifier>
    </Filter>
    <Filter Include="Classes\Collision">
      <UniqueIdentifier>{074d2f25-a975-45ec-8d94-a14d3703aeb4}</UniqueIdentifier>
    </Filter>
    <Filter Include="Classes\Enemy\Boss\Parts">
      <UniqueIdentifier>{0f871d5c-f9b8-4b02-9df6-356b7363824b}</UniqueIdentifier>
    </Filter>
    <Filter Include="Classes\Enemy\Boss\Parts\Body">
      <UniqueIdentifier>{a6180696-0dca-40e0-8c22-e7ad1e96b4a7}</UniqueIdentifier>
    </Filter>
    <Filter Include="Classes\Enemy\Boss\Parts\Hands">
      <UniqueIdentifier>{7349bd19-d3a5-46e8-85cf-3203e782ec81}</UniqueIdentifier>
    </Filter>
    <Filter Include="Classes\Enemy\Boss\Parts\Hands\RightHand">
      <UniqueIdentifier>{1c80a96a-b425-47ab-93da-dddc11c75194}</UniqueIdentifier>
    </Filter>
    <Filter Include="Classes\Enemy\Boss\Parts\Hands\LeftHand">
      <UniqueIdentifier>{228c714a-d875-4194-96dd-05de6300f3c3}</UniqueIdentifier>
    </Filter>
    <Filter Include="Classes\Effeseer">
      <UniqueIdentifier>{f30dea61-07bb-4224-a7de-d1fcba261350}</UniqueIdentifier>
    </Filter>
    <Filter Include="Classes\GameScene">
      <UniqueIdentifier>{b36d915d-b452-4852-87ab-c57a25815217}</UniqueIdentifier>
    </Filter>
    <Filter Include="Classes\UI">
      <UniqueIdentifier>{a9a6c46f-7f7e-435e-ac6f-9796cf9b9db5}</UniqueIdentifier>
    </Filter>
    <Filter Include="Classes\My_Light">
      <UniqueIdentifier>{08d279e1-8d7c-4f5f-bdb5-a4c4857d713b}</UniqueIdentifier>
    </Filter>
    <Filter Include="Classes\Enemy\Boss\Parts\Hands\Attack">
      <UniqueIdentifier>{bbe7deec-8661-4eff-a28f-c2a7c3e23e44}</UniqueIdentifier>
    </Filter>
    <Filter Include="Classes\Object">
      <UniqueIdentifier>{04e77ca0-56a2-4d8a-b901-8025da9df027}</UniqueIdentifier>
    </Filter>
  </ItemGroup>
  <ItemGroup>
    <ClInclude Include="Base\d3dx12.h">
      <Filter>Base</Filter>
    </ClInclude>
    <ClInclude Include="Base\pch.h">
      <Filter>Base</Filter>
    </ClInclude>
    <ClInclude Include="Base\StepTimer.h">
      <Filter>Base</Filter>
    </ClInclude>
    <ClInclude Include="Base\GameBase.h">
      <Filter>Base</Filter>
    </ClInclude>
    <ClInclude Include="MainScene.h">
      <Filter>Scene</Filter>
    </ClInclude>
    <ClInclude Include="Base\dxtk.h">
      <Filter>Base</Filter>
    </ClInclude>
    <ClInclude Include="Scene.h">
      <Filter>Scene</Filter>
    </ClInclude>
    <ClInclude Include="SceneFactory.h">
      <Filter>Scene</Filter>
    </ClInclude>
    <ClInclude Include="Base\DXTKHelpers.h">
      <Filter>Base</Filter>
    </ClInclude>
    <ClInclude Include="DontDestroyOnLoad.h">
      <Filter>Scene</Filter>
    </ClInclude>
    <ClInclude Include="Classes\My_Camera\My_Camera.h">
      <Filter>Classes\My_Camera</Filter>
    </ClInclude>
    <ClInclude Include="Classes\Player\Player.h">
      <Filter>Classes\Player</Filter>
    </ClInclude>
    <ClInclude Include="Classes\Ground\Ground.h">
      <Filter>Classes\Ground</Filter>
    </ClInclude>
    <ClInclude Include="Classes\Enemy\Boss\Boss.h">
      <Filter>Classes\Enemy\Boss</Filter>
    </ClInclude>
    <ClInclude Include="Classes\Collision\Collision.h">
      <Filter>Classes\Collision</Filter>
    </ClInclude>
    <ClInclude Include="Classes\Enemy\Boss\Parts\BossParts.h">
      <Filter>Classes\Enemy\Boss\Parts</Filter>
    </ClInclude>
    <ClInclude Include="Classes\Enemy\Boss\Parts\Body\BossBody.h">
      <Filter>Classes\Enemy\Boss\Parts\Body</Filter>
    </ClInclude>
    <ClInclude Include="Classes\Enemy\Boss\Parts\Hands\BossHand.h">
      <Filter>Classes\Enemy\Boss\Parts\Hands</Filter>
    </ClInclude>
    <ClInclude Include="Classes\Enemy\Boss\Parts\Hands\Attack\RightSlap.h">
      <Filter>Classes\Enemy\Boss\Parts\Hands\Attack</Filter>
    </ClInclude>
    <ClInclude Include="Classes\Enemy\Boss\Parts\Hands\Attack\BossAction.h">
      <Filter>Classes\Enemy\Boss\Parts\Hands\Attack</Filter>
    </ClInclude>
    <ClInclude Include="Classes\Enemy\Boss\Parts\Hands\LeftHand\BossHandL.h">
      <Filter>Classes\Enemy\Boss\Parts\Hands\LeftHand</Filter>
    </ClInclude>
    <ClInclude Include="Classes\Enemy\Boss\Parts\Hands\RightHand\BossHandR.h">
      <Filter>Classes\Enemy\Boss\Parts\Hands\RightHand</Filter>
    </ClInclude>
    <ClInclude Include="Classes\Enemy\Boss\Parts\Hands\Attack\RightBeat.h">
      <Filter>Classes\Enemy\Boss\Parts\Hands\Attack</Filter>
    </ClInclude>
    <ClInclude Include="Classes\Enemy\Boss\Parts\Hands\Attack\LeftSlap.h">
      <Filter>Classes\Enemy\Boss\Parts\Hands\Attack</Filter>
    </ClInclude>
    <ClInclude Include="Classes\Enemy\Boss\Parts\Hands\Attack\LeftBeat.h">
      <Filter>Classes\Enemy\Boss\Parts\Hands\Attack</Filter>
    </ClInclude>
    <ClInclude Include="Classes\Enemy\Boss\Parts\Hands\Attack\Wait.h">
      <Filter>Classes\Enemy\Boss\Parts\Hands\Attack</Filter>
    </ClInclude>
    <ClInclude Include="Classes\Enemy\Boss\Parts\Hands\Attack\BeatRushR.h">
      <Filter>Classes\Enemy\Boss\Parts\Hands\Attack</Filter>
    </ClInclude>
    <ClInclude Include="Base\DX12Effekseer.h">
      <Filter>Classes\Effeseer</Filter>
    </ClInclude>
    <ClInclude Include="Classes\Player\PlayerAttack.h">
      <Filter>Classes\Player</Filter>
    </ClInclude>
    <ClInclude Include="Classes\Player\PlayerAttackColision.h">
      <Filter>Classes\Player</Filter>
    </ClInclude>
    <ClInclude Include="Classes\Player\PlayerColision.h">
      <Filter>Classes\Player</Filter>
    </ClInclude>
    <ClInclude Include="Classes\Player\PlayerJump.h">
      <Filter>Classes\Player</Filter>
    </ClInclude>
    <ClInclude Include="Classes\Player\PlayerRightMove.h">
      <Filter>Classes\Player</Filter>
    </ClInclude>
    <ClInclude Include="TitleScene.h">
      <Filter>Scene</Filter>
    </ClInclude>
    <ClInclude Include="Classes\GameScene\SceneChange.h">
      <Filter>Classes\GameScene</Filter>
    </ClInclude>
    <ClInclude Include="Classes\Enemy\Boss\Parts\Hands\Attack\DoubleSlap.h">
      <Filter>Classes\Enemy\Boss\Parts\Hands\Attack</Filter>
    </ClInclude>
    <ClInclude Include="Classes\UI\UI.h">
      <Filter>Classes\UI</Filter>
    </ClInclude>
    <ClInclude Include="Classes\Player\PlayerState.h">
      <Filter>Classes\Player</Filter>
    </ClInclude>
    <ClInclude Include="Classes\Player\PlayerWait.h">
      <Filter>Classes\Player</Filter>
    </ClInclude>
    <ClInclude Include="Classes\Player\PlayerLeftMove.h">
      <Filter>Classes\Player</Filter>
    </ClInclude>
    <ClInclude Include="Classes\Player\PlayerDamage.h">
      <Filter>Classes\Player</Filter>
    </ClInclude>
    <ClInclude Include="Classes\My_Light\My_Light.h">
      <Filter>Classes\My_Light</Filter>
    </ClInclude>
    <ClInclude Include="Classes\Enemy\Boss\Parts\Hands\Attack\Weak.h">
      <Filter>Classes\Enemy\Boss\Parts\Hands\Attack</Filter>
    </ClInclude>
    <ClInclude Include="GameOverScene.h">
      <Filter>Scene</Filter>
    </ClInclude>
    <ClInclude Include="ClearScene.h">
      <Filter>Scene</Filter>
    </ClInclude>
    <ClInclude Include="Classes\Enemy\Boss\Parts\Hands\HandManager.h">
      <Filter>Classes\Enemy\Boss\Parts\Hands</Filter>
    </ClInclude>
    <ClInclude Include="Classes\Enemy\Boss\Status.h">
      <Filter>Classes\Enemy\Boss</Filter>
    </ClInclude>
    <ClInclude Include="Classes\Player\PlayerStatus.h">
      <Filter>Classes\Player</Filter>
    </ClInclude>
    <ClInclude Include="Classes\Enemy\Boss\Parts\Hands\Attack\Death.h">
      <Filter>Classes\Enemy\Boss\Parts\Hands\Attack</Filter>
    </ClInclude>
    <ClInclude Include="Classes\Enemy\Boss\Parts\Hands\Attack\Advent.h">
      <Filter>Classes\Enemy\Boss\Parts\Hands\Attack</Filter>
    </ClInclude>
    <ClInclude Include="Classes\Player\PlayerDeath.h">
      <Filter>Classes\Player</Filter>
    </ClInclude>
    <ClInclude Include="Classes\Object\ObjectManager.h">
      <Filter>Classes\Object</Filter>
    </ClInclude>
    <ClInclude Include="Classes\GameScene\SceneBase.h">
      <Filter>Classes\GameScene</Filter>
    </ClInclude>
  </ItemGroup>
  <ItemGroup>
    <ClCompile Include="Base\Main.cpp">
      <Filter>Base</Filter>
    </ClCompile>
    <ClCompile Include="Base\pch.cpp">
      <Filter>Base</Filter>
    </ClCompile>
    <ClCompile Include="Base\GameBase.cpp">
      <Filter>Base</Filter>
    </ClCompile>
    <ClCompile Include="MainScene.cpp">
      <Filter>Scene</Filter>
    </ClCompile>
    <ClCompile Include="Classes\My_Camera\My_Camera.cpp">
      <Filter>Classes\My_Camera</Filter>
    </ClCompile>
    <ClCompile Include="Classes\Player\Player.cpp">
      <Filter>Classes\Player</Filter>
    </ClCompile>
    <ClCompile Include="Classes\Ground\Ground.cpp">
      <Filter>Classes\Ground</Filter>
    </ClCompile>
    <ClCompile Include="Classes\Enemy\Boss\Boss.cpp">
      <Filter>Classes\Enemy\Boss</Filter>
    </ClCompile>
    <ClCompile Include="Classes\Collision\Collision.cpp">
      <Filter>Classes\Collision</Filter>
    </ClCompile>
    <ClCompile Include="Classes\Enemy\Boss\Parts\BossParts.cpp">
      <Filter>Classes\Enemy\Boss\Parts</Filter>
    </ClCompile>
    <ClCompile Include="Classes\Enemy\Boss\Parts\Body\BossBody.cpp">
      <Filter>Classes\Enemy\Boss\Parts\Body</Filter>
    </ClCompile>
    <ClCompile Include="Classes\Enemy\Boss\Parts\Hands\BossHand.cpp">
      <Filter>Classes\Enemy\Boss\Parts\Hands</Filter>
    </ClCompile>
    <ClCompile Include="Classes\Enemy\Boss\Parts\Hands\Attack\RightSlap.cpp">
      <Filter>Classes\Enemy\Boss\Parts\Hands\Attack</Filter>
    </ClCompile>
    <ClCompile Include="Classes\Enemy\Boss\Parts\Hands\LeftHand\BossHandL.cpp">
      <Filter>Classes\Enemy\Boss\Parts\Hands\LeftHand</Filter>
    </ClCompile>
    <ClCompile Include="Classes\Enemy\Boss\Parts\Hands\RightHand\BossHandR.cpp">
      <Filter>Classes\Enemy\Boss\Parts\Hands\RightHand</Filter>
    </ClCompile>
    <ClCompile Include="Classes\Enemy\Boss\Parts\Hands\Attack\RightBeat.cpp">
      <Filter>Classes\Enemy\Boss\Parts\Hands\Attack</Filter>
    </ClCompile>
    <ClCompile Include="Classes\Enemy\Boss\Parts\Hands\Attack\LeftSlap.cpp">
      <Filter>Classes\Enemy\Boss\Parts\Hands\Attack</Filter>
    </ClCompile>
    <ClCompile Include="Classes\Enemy\Boss\Parts\Hands\Attack\LeftBeat.cpp">
      <Filter>Classes\Enemy\Boss\Parts\Hands\Attack</Filter>
    </ClCompile>
    <ClCompile Include="Classes\Enemy\Boss\Parts\Hands\Attack\Wait.cpp">
      <Filter>Classes\Enemy\Boss\Parts\Hands\Attack</Filter>
    </ClCompile>
    <ClCompile Include="Classes\Enemy\Boss\Parts\Hands\Attack\BeatRushR.cpp">
      <Filter>Classes\Enemy\Boss\Parts\Hands\Attack</Filter>
    </ClCompile>
    <ClCompile Include="Base\DX12Effekseer.cpp">
      <Filter>Classes\Effeseer</Filter>
    </ClCompile>
    <ClCompile Include="Classes\Player\PlayerAttack.cpp">
      <Filter>Classes\Player</Filter>
    </ClCompile>
    <ClCompile Include="Classes\Player\PlayerAttackColision.cpp">
      <Filter>Classes\Player</Filter>
    </ClCompile>
    <ClCompile Include="Classes\Player\PlayerColision.cpp">
      <Filter>Classes\Player</Filter>
    </ClCompile>
    <ClCompile Include="Classes\Player\PlayerJump.cpp">
      <Filter>Classes\Player</Filter>
    </ClCompile>
    <ClCompile Include="Classes\Player\PlayerRightMove.cpp">
      <Filter>Classes\Player</Filter>
    </ClCompile>
    <ClCompile Include="TitleScene.cpp">
      <Filter>Scene</Filter>
    </ClCompile>
    <ClCompile Include="Classes\GameScene\SceneChange.cpp">
      <Filter>Classes\GameScene</Filter>
    </ClCompile>
    <ClCompile Include="Classes\Enemy\Boss\Parts\Hands\Attack\DoubleSlap.cpp">
      <Filter>Classes\Enemy\Boss\Parts\Hands\Attack</Filter>
    </ClCompile>
    <ClCompile Include="Classes\UI\UI.cpp">
      <Filter>Classes\UI</Filter>
    </ClCompile>
    <ClCompile Include="Classes\Player\PlayerWait.cpp">
      <Filter>Classes\Player</Filter>
    </ClCompile>
    <ClCompile Include="Classes\Player\PlayerLeftMove.cpp">
      <Filter>Classes\Player</Filter>
    </ClCompile>
    <ClCompile Include="Classes\Player\PlayerDamage.cpp">
      <Filter>Classes\Player</Filter>
    </ClCompile>
    <ClCompile Include="Classes\My_Light\My_Light.cpp">
      <Filter>Classes\My_Light</Filter>
    </ClCompile>
    <ClCompile Include="Classes\Enemy\Boss\Parts\Hands\Attack\Weak.cpp">
      <Filter>Classes\Enemy\Boss\Parts\Hands\Attack</Filter>
    </ClCompile>
    <ClCompile Include="GameOverScene.cpp">
      <Filter>Scene</Filter>
    </ClCompile>
    <ClCompile Include="ClearScene.cpp">
      <Filter>Scene</Filter>
    </ClCompile>
    <ClCompile Include="Classes\Enemy\Boss\Parts\Hands\HandManager.cpp">
      <Filter>Classes\Enemy\Boss\Parts\Hands</Filter>
    </ClCompile>
    <ClCompile Include="Classes\Enemy\Boss\Status.cpp">
      <Filter>Classes\Enemy\Boss</Filter>
    </ClCompile>
    <ClCompile Include="Classes\Player\PlayerStatus.cpp">
      <Filter>Classes\Player</Filter>
    </ClCompile>
    <ClCompile Include="Classes\Enemy\Boss\Parts\Hands\Attack\Death.cpp">
      <Filter>Classes\Enemy\Boss\Parts\Hands\Attack</Filter>
    </ClCompile>
    <ClCompile Include="Classes\Enemy\Boss\Parts\Hands\Attack\Advent.cpp">
      <Filter>Classes\Enemy\Boss\Parts\Hands\Attack</Filter>
    </ClCompile>
    <ClCompile Include="Classes\Player\PlayerDeath.cpp">
      <Filter>Classes\Player</Filter>
    </ClCompile>
    <ClCompile Include="Classes\Object\ObjectManager.cpp">
      <Filter>Classes\Object</Filter>
    </ClCompile>
    <ClCompile Include="Classes\Enemy\Boss\Parts\Hands\Attack\BossAction.cpp">
      <Filter>Classes\Enemy\Boss\Parts\Hands\Attack</Filter>
    </ClCompile>
    <ClCompile Include="Classes\GameScene\SceneBase.cpp">
      <Filter>Classes\GameScene</Filter>
    </ClCompile>
  </ItemGroup>
  <ItemGroup>
    <Image Include="Resource\directx.ico">
      <Filter>Resource</Filter>
    </Image>
  </ItemGroup>
  <ItemGroup>
    <ResourceCompile Include="Resource\resource.rc">
      <Filter>Resource</Filter>
    </ResourceCompile>
  </ItemGroup>
  <ItemGroup>
    <Manifest Include="Resource\settings.manifest">
      <Filter>Resource</Filter>
    </Manifest>
  </ItemGroup>
  <ItemGroup>
    <None Include="packages.config" />
  </ItemGroup>
</Project>