<?xml version="1.0" encoding="utf-8"?>
<Project ToolsVersion="4.0" xmlns="http://schemas.microsoft.com/developer/msbuild/2003">
  <ItemGroup>
    <Filter Include="Base">
      <UniqueIdentifier>{47974e81-ff42-4d0c-8227-fa99f8c69fd2}</UniqueIdentifier>
    </Filter>
    <Filter Include="Resource">
      <UniqueIdentifier>{29c1d6e3-875e-4d01-a01d-0974e170e5c1}</UniqueIdentifier>
    </Filter>
    <Filter Include="Scene">
      <UniqueIdentifier>{d7d56ad3-60f4-40ad-b499-8133f5f75990}</UniqueIdentifier>
    </Filter>
    <Filter Include="Classes">
      <UniqueIdentifier>{dd2958ce-2f7b-4a6f-a9a6-6e2ed58a8081}</UniqueIdentifier>
    </Filter>
    <Filter Include="Classes\My_Camera">
      <UniqueIdentifier>{1b5bc9ea-49d6-4f4a-becb-9d4fa583f343}</UniqueIdentifier>
    </Filter>
    <Filter Include="Classes\Player">
      <UniqueIdentifier>{6792b414-9c7c-4a2b-a84c-f5035ae7f1a7}</UniqueIdentifier>
    </Filter>
    <Filter Include="Classes\PlayerTestCamera">
      <UniqueIdentifier>{07eb04ad-d140-4387-a5e4-5b6c5a862474}</UniqueIdentifier>
    </Filter>
    <Filter Include="Classes\Ground">
      <UniqueIdentifier>{7f04d87a-4bde-4258-85c0-656ecfc1002c}</UniqueIdentifier>
    </Filter>
    <Filter Include="Classes\Enemy">
      <UniqueIdentifier>{188bc508-f632-462e-899a-133ba4033974}</UniqueIdentifier>
    </Filter>
    <Filter Include="Classes\Enemy\Boss">
      <UniqueIdentifier>{0fe97da1-75be-4205-8c1d-1fe58c544c59}</UniqueIdentifier>
    </Filter>
    <Filter Include="Classes\Collision">
      <UniqueIdentifier>{074d2f25-a975-45ec-8d94-a14d3703aeb4}</UniqueIdentifier>
    </Filter>
    <Filter Include="Classes\Enemy\Small Enemy">
      <UniqueIdentifier>{18d4a310-ba13-4278-8594-4ac34b4aab25}</UniqueIdentifier>
    </Filter>
  </ItemGroup>
  <ItemGroup>
    <ClInclude Include="Base\d3dx12.h">
      <Filter>Base</Filter>
    </ClInclude>
    <ClInclude Include="Base\pch.h">
      <Filter>Base</Filter>
    </ClInclude>
    <ClInclude Include="Base\StepTimer.h">
      <Filter>Base</Filter>
    </ClInclude>
    <ClInclude Include="Base\GameBase.h">
      <Filter>Base</Filter>
    </ClInclude>
    <ClInclude Include="MainScene.h">
      <Filter>Scene</Filter>
    </ClInclude>
    <ClInclude Include="Base\dxtk.h">
      <Filter>Base</Filter>
    </ClInclude>
    <ClInclude Include="Scene.h">
      <Filter>Scene</Filter>
    </ClInclude>
    <ClInclude Include="SceneFactory.h">
      <Filter>Scene</Filter>
    </ClInclude>
    <ClInclude Include="Base\DXTKHelpers.h">
      <Filter>Base</Filter>
    </ClInclude>
    <ClInclude Include="DontDestroyOnLoad.h">
      <Filter>Scene</Filter>
    </ClInclude>
    <ClInclude Include="Classes\My_Camera\My_Camera.h">
      <Filter>Classes\My_Camera</Filter>
    </ClInclude>
    <ClInclude Include="PlayerTestScene.h">
      <Filter>Scene</Filter>
    </ClInclude>
    <ClInclude Include="Classes\Player\Player.h">
      <Filter>Classes\Player</Filter>
    </ClInclude>
    <ClInclude Include="Classes\PlayerTestCamera\PlayerTestCamera.h">
      <Filter>Classes\PlayerTestCamera</Filter>
    </ClInclude>
    <ClInclude Include="Classes\Ground\Ground.h">
      <Filter>Classes\Ground</Filter>
    </ClInclude>
    <ClInclude Include="Classes\Enemy\Boss\BossAttack.h">
      <Filter>Classes\Enemy\Boss</Filter>
    </ClInclude>
    <ClInclude Include="Classes\Enemy\Boss\BossParts.h">
      <Filter>Classes\Enemy\Boss</Filter>
    </ClInclude>
    <ClInclude Include="Classes\Enemy\Boss\Boss.h">
      <Filter>Classes\Enemy\Boss</Filter>
    </ClInclude>
    <ClInclude Include="Classes\Collision\Collision.h">
      <Filter>Classes\Collision</Filter>
    </ClInclude>
    <ClInclude Include="Classes\Enemy\Small Enemy\SmallEnemy.h">
      <Filter>Classes\Enemy\Small Enemy</Filter>
    </ClInclude>
    <ClInclude Include="Classes\Enemy\Boss\BossHandL.h">
      <Filter>Classes\Enemy\Boss</Filter>
    </ClInclude>
    <ClInclude Include="Classes\Enemy\Boss\BossHandR.h">
      <Filter>Classes\Enemy\Boss</Filter>
    </ClInclude>
    <ClInclude Include="BossTestScene.h">
      <Filter>Scene</Filter>
    </ClInclude>
    <ClInclude Include="Classes\Player\PlayerAttack.h">
      <Filter>Classes\Player</Filter>
    </ClInclude>
    <ClInclude Include="Classes\Player\PlayerJump.h">
      <Filter>Classes\Player</Filter>
    </ClInclude>
    <ClInclude Include="Classes\Player\PlayerMove.h">
      <Filter>Classes\Player</Filter>
    </ClInclude>
    <ClInclude Include="Classes\Player\PlayerColision.h">
      <Filter>Classes\Player</Filter>
    </ClInclude>
  </ItemGroup>
  <ItemGroup>
    <ClCompile Include="Base\Main.cpp">
      <Filter>Base</Filter>
    </ClCompile>
    <ClCompile Include="Base\pch.cpp">
      <Filter>Base</Filter>
    </ClCompile>
    <ClCompile Include="Base\GameBase.cpp">
      <Filter>Base</Filter>
    </ClCompile>
    <ClCompile Include="MainScene.cpp">
      <Filter>Scene</Filter>
    </ClCompile>
    <ClCompile Include="Classes\My_Camera\My_Camera.cpp">
      <Filter>Classes\My_Camera</Filter>
    </ClCompile>
    <ClCompile Include="PlayerTestScene.cpp">
      <Filter>Scene</Filter>
    </ClCompile>
    <ClCompile Include="Classes\Player\Player.cpp">
      <Filter>Classes\Player</Filter>
    </ClCompile>
    <ClCompile Include="Classes\PlayerTestCamera\PlayerTestCamera.cpp">
      <Filter>Classes\PlayerTestCamera</Filter>
    </ClCompile>
    <ClCompile Include="Classes\Ground\Ground.cpp">
      <Filter>Classes\Ground</Filter>
    </ClCompile>
    <ClCompile Include="Classes\Enemy\Boss\BossAttack.cpp">
      <Filter>Classes\Enemy\Boss</Filter>
    </ClCompile>
    <ClCompile Include="Classes\Enemy\Boss\BossParts.cpp">
      <Filter>Classes\Enemy\Boss</Filter>
    </ClCompile>
    <ClCompile Include="Classes\Enemy\Boss\Boss.cpp">
      <Filter>Classes\Enemy\Boss</Filter>
    </ClCompile>
    <ClCompile Include="Classes\Collision\Collision.cpp">
      <Filter>Classes\Collision</Filter>
    </ClCompile>
    <ClCompile Include="Classes\Enemy\Small Enemy\SmallEnemy.cpp">
      <Filter>Classes\Enemy\Small Enemy</Filter>
    </ClCompile>
    <ClCompile Include="Classes\Enemy\Boss\BossHandR.cpp">
      <Filter>Classes\Enemy\Boss</Filter>
    </ClCompile>
    <ClCompile Include="Classes\Enemy\Boss\BossHandL.cpp">
      <Filter>Classes\Enemy\Boss</Filter>
    </ClCompile>
    <ClCompile Include="BossTestScene.cpp">
      <Filter>Scene</Filter>
    </ClCompile>
    <ClCompile Include="Classes\Player\PlayerAttack.cpp">
      <Filter>Classes\Player</Filter>
    </ClCompile>
    <ClCompile Include="Classes\Player\PlayerJump.cpp">
      <Filter>Classes\Player</Filter>
    </ClCompile>
    <ClCompile Include="Classes\Player\PlayerMove.cpp">
      <Filter>Classes\Player</Filter>
    </ClCompile>
    <ClCompile Include="Classes\Player\PlayerColision.cpp">
      <Filter>Classes\Player</Filter>
    </ClCompile>
  </ItemGroup>
  <ItemGroup>
    <Image Include="Resource\directx.ico">
      <Filter>Resource</Filter>
    </Image>
  </ItemGroup>
  <ItemGroup>
    <ResourceCompile Include="Resource\resource.rc">
      <Filter>Resource</Filter>
    </ResourceCompile>
  </ItemGroup>
  <ItemGroup>
    <Manifest Include="Resource\settings.manifest">
      <Filter>Resource</Filter>
    </Manifest>
  </ItemGroup>
  <ItemGroup>
    <None Include="packages.config" />
  </ItemGroup>
</Project>